
Microsoft Visual Studio Solution File, Format Version 12.00
# Visual Studio Version 17
VisualStudioVersion = 17.3.32929.385
MinimumVisualStudioVersion = 10.0.40219.1
Project("{FAE04EC0-301F-11D3-BF4B-00C04F79EFBC}") = "RegistrationApp_4_5_2", "RegistrationApp_4_5_2\RegistrationApp_4_5_2.csproj", "{0AF93360-4E75-46CB-BBD6-496858FBA2F3}"
EndProject
Global
	GlobalSection(SolutionConfigurationPlatforms) = preSolution
		Debug|Any CPU = Debug|Any CPU
		Release|Any CPU = Release|Any CPU
	EndGlobalSection
	GlobalSection(ProjectConfigurationPlatforms) = postSolution
		{0AF93360-4E75-46CB-BBD6-496858FBA2F3}.Debug|Any CPU.ActiveCfg = Debug|Any CPU
		{0AF93360-4E75-46CB-BBD6-496858FBA2F3}.Debug|Any CPU.Build.0 = Debug|Any CPU
		{0AF93360-4E75-46CB-BBD6-496858FBA2F3}.Release|Any CPU.ActiveCfg = Release|Any CPU
		{0AF93360-4E75-46CB-BBD6-496858FBA2F3}.Release|Any CPU.Build.0 = Release|Any CPU
	EndGlobalSection
	GlobalSection(SolutionProperties) = preSolution
		HideSolutionNode = FALSE
	EndGlobalSection
	GlobalSection(ExtensibilityGlobals) = postSolution
		SolutionGuid = {2AA9469F-D257-48FA-9D9A-6132CA669531}
	EndGlobalSection
EndGlobal
